
Microsoft Visual Studio Solution File, Format Version 12.00
# Visual Studio Version 17
VisualStudioVersion = 17.14.36414.22 d17.14
MinimumVisualStudioVersion = 10.0.40219.1
Project("{FAE04EC0-301F-11D3-BF4B-00C04F79EFBC}") = "TestApp", "TestApp.csproj", "{7A5A84C0-F5A4-4DD5-9C2A-033C112AEBAD}"
EndProject
Global
	GlobalSection(SolutionConfigurationPlatforms) = preSolution
		Debug|Any CPU = Debug|Any CPU
		Release|Any CPU = Release|Any CPU
	EndGlobalSection
	GlobalSection(ProjectConfigurationPlatforms) = postSolution
		{7A5A84C0-F5A4-4DD5-9C2A-033C112AEBAD}.Debug|Any CPU.ActiveCfg = Debug|Any CPU
		{7A5A84C0-F5A4-4DD5-9C2A-033C112AEBAD}.Debug|Any CPU.Build.0 = Debug|Any CPU
		{7A5A84C0-F5A4-4DD5-9C2A-033C112AEBAD}.Release|Any CPU.ActiveCfg = Release|Any CPU
		{7A5A84C0-F5A4-4DD5-9C2A-033C112AEBAD}.Release|Any CPU.Build.0 = Release|Any CPU
	EndGlobalSection
	GlobalSection(SolutionProperties) = preSolution
		HideSolutionNode = FALSE
	EndGlobalSection
	GlobalSection(ExtensibilityGlobals) = postSolution
		SolutionGuid = {851EF43C-5F26-4FEC-962B-90D524394A5B}
	EndGlobalSection
EndGlobal
